
Microsoft Visual Studio Solution File, Format Version 12.00
# Visual Studio Version 17
VisualStudioVersion = 17.1.32421.90
MinimumVisualStudioVersion = 10.0.40219.1
Project("{8BC9CEB8-8B4A-11D0-8D11-00A0C91BC942}") = "proiectGUI", "proiectGUI.vcxproj", "{173C9C0E-8585-4592-81E5-4329F9E0C21B}"
EndProject
Global
	GlobalSection(SolutionConfigurationPlatforms) = preSolution
		Debug|x64 = Debug|x64
		Release|x64 = Release|x64
	EndGlobalSection
	GlobalSection(ProjectConfigurationPlatforms) = postSolution
		{173C9C0E-8585-4592-81E5-4329F9E0C21B}.Debug|x64.ActiveCfg = Debug|x64
		{173C9C0E-8585-4592-81E5-4329F9E0C21B}.Debug|x64.Build.0 = Debug|x64
		{173C9C0E-8585-4592-81E5-4329F9E0C21B}.Release|x64.ActiveCfg = Release|x64
		{173C9C0E-8585-4592-81E5-4329F9E0C21B}.Release|x64.Build.0 = Release|x64
	EndGlobalSection
	GlobalSection(SolutionProperties) = preSolution
		HideSolutionNode = FALSE
	EndGlobalSection
	GlobalSection(ExtensibilityGlobals) = postSolution
		SolutionGuid = {D060E047-8C27-42C8-BCD4-AD95564B805A}
	EndGlobalSection
EndGlobal
